
Microsoft Visual Studio Solution File, Format Version 12.00
# Visual Studio Version 16
VisualStudioVersion = 16.0.31220.234
MinimumVisualStudioVersion = 10.0.40219.1
Project("{9A19103F-16F7-4668-BE54-9A1E7A4F7556}") = "Avatar", "Avatar\Avatar.csproj", "{F464D224-AF04-4B77-929D-3290D5A70CB4}"
EndProject
Global
	GlobalSection(SolutionConfigurationPlatforms) = preSolution
		Debug|Any CPU = Debug|Any CPU
		Release|Any CPU = Release|Any CPU
	EndGlobalSection
	GlobalSection(ProjectConfigurationPlatforms) = postSolution
		{F464D224-AF04-4B77-929D-3290D5A70CB4}.Debug|Any CPU.ActiveCfg = Debug|Any CPU
		{F464D224-AF04-4B77-929D-3290D5A70CB4}.Debug|Any CPU.Build.0 = Debug|Any CPU
		{F464D224-AF04-4B77-929D-3290D5A70CB4}.Release|Any CPU.ActiveCfg = Debug|Any CPU
		{F464D224-AF04-4B77-929D-3290D5A70CB4}.Release|Any CPU.Build.0 = Debug|Any CPU
	EndGlobalSection
	GlobalSection(SolutionProperties) = preSolution
		HideSolutionNode = FALSE
	EndGlobalSection
	GlobalSection(ExtensibilityGlobals) = postSolution
		SolutionGuid = {F3038860-FDF8-4B89-B5EA-B26A06D285A1}
	EndGlobalSection
EndGlobal
